
Microsoft Visual Studio Solution File, Format Version 12.00
# Visual Studio Version 16
VisualStudioVersion = 16.0.29326.143
MinimumVisualStudioVersion = 10.0.40219.1
Project("{2150E333-8FDC-42A3-9474-1A3956D46DE8}") = "1 - Presentation", "1 - Presentation", "{A30A01CA-8FFB-4F83-B29E-BB894DC099D9}"
EndProject
Project("{2150E333-8FDC-42A3-9474-1A3956D46DE8}") = "2 - Services", "2 - Services", "{7203E432-11D3-4785-A5C4-EEC7FEEA34EA}"
EndProject
Project("{2150E333-8FDC-42A3-9474-1A3956D46DE8}") = "3 - Application", "3 - Application", "{44FD1B09-F6D3-414B-86D8-01A5B41F9364}"
EndProject
Project("{2150E333-8FDC-42A3-9474-1A3956D46DE8}") = "4 - Domain", "4 - Domain", "{787136D0-DF51-4ADF-BBE3-72CDE5E5D059}"
EndProject
Project("{2150E333-8FDC-42A3-9474-1A3956D46DE8}") = "5 - Infra", "5 - Infra", "{691312BC-40D1-4E73-BFB3-C014321EEC14}"
EndProject
Project("{9A19103F-16F7-4668-BE54-9A1E7A4F7556}") = "MusicCashback.Domain", "MusicCashback.Domain\MusicCashback.Domain.csproj", "{E6B1258A-DFD4-4CFD-A0FD-F7316E78D39D}"
EndProject
Project("{2150E333-8FDC-42A3-9474-1A3956D46DE8}") = "5.1 - Infra.Data", "5.1 - Infra.Data", "{DBAAF560-8A6F-4E54-91CF-01FD5EB8052A}"
EndProject
Project("{9A19103F-16F7-4668-BE54-9A1E7A4F7556}") = "MusicCashback.Infra.Data", "MusicCashback.Infra.Data\MusicCashback.Infra.Data.csproj", "{BAF8B7EC-D607-43C3-8433-7BA133A1708F}"
EndProject
Project("{9A19103F-16F7-4668-BE54-9A1E7A4F7556}") = "MusicCashback.Application", "MusicCashback.Application\MusicCashback.Application.csproj", "{5A92A71C-404B-4528-8554-9BE2365DBEC4}"
EndProject
Project("{2150E333-8FDC-42A3-9474-1A3956D46DE8}") = "2.1 - Apis", "2.1 - Apis", "{7DCAD07D-ED5D-46D7-A7C1-D72E2FF6061C}"
EndProject
Project("{9A19103F-16F7-4668-BE54-9A1E7A4F7556}") = "MusicCashback.Services.Api", "MusicCashback.Services.Api\MusicCashback.Services.Api.csproj", "{EA99AAF5-92F9-4DB6-9E13-F11E60323E9F}"
EndProject
Project("{2150E333-8FDC-42A3-9474-1A3956D46DE8}") = "5.2 - Infra.Http", "5.2 - Infra.Http", "{E28D4833-45EF-42B4-AEE2-AD353FC4911D}"
EndProject
Project("{9A19103F-16F7-4668-BE54-9A1E7A4F7556}") = "MusicCashback.Infra.HTTP", "MusicCashback.Infra.HTTP\MusicCashback.Infra.HTTP.csproj", "{240E00DB-3B7D-4F84-8AC7-CC026783DF2F}"
EndProject
Project("{2150E333-8FDC-42A3-9474-1A3956D46DE8}") = "5.3 - Infra.CrossCutting", "5.3 - Infra.CrossCutting", "{F27873D3-A12D-4739-B5E3-E1AF8C12E247}"
EndProject
Project("{9A19103F-16F7-4668-BE54-9A1E7A4F7556}") = "MusicCashback.Infra.CrossCutting.Ioc", "MusicCashback.Infra.CrossCutting.Ioc\MusicCashback.Infra.CrossCutting.Ioc.csproj", "{EDC9E7E4-FD11-4D27-92B4-D4834AF5BA7F}"
EndProject
Project("{2150E333-8FDC-42A3-9474-1A3956D46DE8}") = "5.4 - Infra.Json", "5.4 - Infra.Json", "{02D8F717-FCA1-4A81-A8BC-5373DC94D7BA}"
EndProject
Project("{9A19103F-16F7-4668-BE54-9A1E7A4F7556}") = "MusicCashback.Infra.Json", "MusicCashback.Infra.Json\MusicCashback.Infra.Json.csproj", "{EAC11F93-FFF4-4815-A0CD-C5DD61147F59}"
EndProject
Project("{2150E333-8FDC-42A3-9474-1A3956D46DE8}") = "5.5 - Infra.Spotify", "5.5 - Infra.Spotify", "{0A041EEB-A779-40D0-8D87-9E76DE3AA33F}"
EndProject
Project("{FAE04EC0-301F-11D3-BF4B-00C04F79EFBC}") = "MusicCashback.Infra.Spotify", "MusicCashback.Infra.Spotify\MusicCashback.Infra.Spotify.csproj", "{5FC7DEF2-2B89-4249-9817-54F70ED91256}"
EndProject
Global
	GlobalSection(SolutionConfigurationPlatforms) = preSolution
		Debug|Any CPU = Debug|Any CPU
		Release|Any CPU = Release|Any CPU
	EndGlobalSection
	GlobalSection(ProjectConfigurationPlatforms) = postSolution
		{E6B1258A-DFD4-4CFD-A0FD-F7316E78D39D}.Debug|Any CPU.ActiveCfg = Debug|Any CPU
		{E6B1258A-DFD4-4CFD-A0FD-F7316E78D39D}.Debug|Any CPU.Build.0 = Debug|Any CPU
		{E6B1258A-DFD4-4CFD-A0FD-F7316E78D39D}.Release|Any CPU.ActiveCfg = Release|Any CPU
		{E6B1258A-DFD4-4CFD-A0FD-F7316E78D39D}.Release|Any CPU.Build.0 = Release|Any CPU
		{BAF8B7EC-D607-43C3-8433-7BA133A1708F}.Debug|Any CPU.ActiveCfg = Debug|Any CPU
		{BAF8B7EC-D607-43C3-8433-7BA133A1708F}.Debug|Any CPU.Build.0 = Debug|Any CPU
		{BAF8B7EC-D607-43C3-8433-7BA133A1708F}.Release|Any CPU.ActiveCfg = Release|Any CPU
		{BAF8B7EC-D607-43C3-8433-7BA133A1708F}.Release|Any CPU.Build.0 = Release|Any CPU
		{5A92A71C-404B-4528-8554-9BE2365DBEC4}.Debug|Any CPU.ActiveCfg = Debug|Any CPU
		{5A92A71C-404B-4528-8554-9BE2365DBEC4}.Debug|Any CPU.Build.0 = Debug|Any CPU
		{5A92A71C-404B-4528-8554-9BE2365DBEC4}.Release|Any CPU.ActiveCfg = Release|Any CPU
		{5A92A71C-404B-4528-8554-9BE2365DBEC4}.Release|Any CPU.Build.0 = Release|Any CPU
		{EA99AAF5-92F9-4DB6-9E13-F11E60323E9F}.Debug|Any CPU.ActiveCfg = Debug|Any CPU
		{EA99AAF5-92F9-4DB6-9E13-F11E60323E9F}.Debug|Any CPU.Build.0 = Debug|Any CPU
		{EA99AAF5-92F9-4DB6-9E13-F11E60323E9F}.Release|Any CPU.ActiveCfg = Release|Any CPU
		{EA99AAF5-92F9-4DB6-9E13-F11E60323E9F}.Release|Any CPU.Build.0 = Release|Any CPU
		{240E00DB-3B7D-4F84-8AC7-CC026783DF2F}.Debug|Any CPU.ActiveCfg = Debug|Any CPU
		{240E00DB-3B7D-4F84-8AC7-CC026783DF2F}.Debug|Any CPU.Build.0 = Debug|Any CPU
		{240E00DB-3B7D-4F84-8AC7-CC026783DF2F}.Release|Any CPU.ActiveCfg = Release|Any CPU
		{240E00DB-3B7D-4F84-8AC7-CC026783DF2F}.Release|Any CPU.Build.0 = Release|Any CPU
		{EDC9E7E4-FD11-4D27-92B4-D4834AF5BA7F}.Debug|Any CPU.ActiveCfg = Debug|Any CPU
		{EDC9E7E4-FD11-4D27-92B4-D4834AF5BA7F}.Debug|Any CPU.Build.0 = Debug|Any CPU
		{EDC9E7E4-FD11-4D27-92B4-D4834AF5BA7F}.Release|Any CPU.ActiveCfg = Release|Any CPU
		{EDC9E7E4-FD11-4D27-92B4-D4834AF5BA7F}.Release|Any CPU.Build.0 = Release|Any CPU
		{EAC11F93-FFF4-4815-A0CD-C5DD61147F59}.Debug|Any CPU.ActiveCfg = Debug|Any CPU
		{EAC11F93-FFF4-4815-A0CD-C5DD61147F59}.Debug|Any CPU.Build.0 = Debug|Any CPU
		{EAC11F93-FFF4-4815-A0CD-C5DD61147F59}.Release|Any CPU.ActiveCfg = Release|Any CPU
		{EAC11F93-FFF4-4815-A0CD-C5DD61147F59}.Release|Any CPU.Build.0 = Release|Any CPU
		{5FC7DEF2-2B89-4249-9817-54F70ED91256}.Debug|Any CPU.ActiveCfg = Debug|Any CPU
		{5FC7DEF2-2B89-4249-9817-54F70ED91256}.Debug|Any CPU.Build.0 = Debug|Any CPU
		{5FC7DEF2-2B89-4249-9817-54F70ED91256}.Release|Any CPU.ActiveCfg = Release|Any CPU
		{5FC7DEF2-2B89-4249-9817-54F70ED91256}.Release|Any CPU.Build.0 = Release|Any CPU
	EndGlobalSection
	GlobalSection(SolutionProperties) = preSolution
		HideSolutionNode = FALSE
	EndGlobalSection
	GlobalSection(NestedProjects) = preSolution
		{E6B1258A-DFD4-4CFD-A0FD-F7316E78D39D} = {787136D0-DF51-4ADF-BBE3-72CDE5E5D059}
		{DBAAF560-8A6F-4E54-91CF-01FD5EB8052A} = {691312BC-40D1-4E73-BFB3-C014321EEC14}
		{BAF8B7EC-D607-43C3-8433-7BA133A1708F} = {DBAAF560-8A6F-4E54-91CF-01FD5EB8052A}
		{5A92A71C-404B-4528-8554-9BE2365DBEC4} = {44FD1B09-F6D3-414B-86D8-01A5B41F9364}
		{7DCAD07D-ED5D-46D7-A7C1-D72E2FF6061C} = {7203E432-11D3-4785-A5C4-EEC7FEEA34EA}
		{EA99AAF5-92F9-4DB6-9E13-F11E60323E9F} = {7DCAD07D-ED5D-46D7-A7C1-D72E2FF6061C}
		{E28D4833-45EF-42B4-AEE2-AD353FC4911D} = {691312BC-40D1-4E73-BFB3-C014321EEC14}
		{240E00DB-3B7D-4F84-8AC7-CC026783DF2F} = {E28D4833-45EF-42B4-AEE2-AD353FC4911D}
		{F27873D3-A12D-4739-B5E3-E1AF8C12E247} = {691312BC-40D1-4E73-BFB3-C014321EEC14}
		{EDC9E7E4-FD11-4D27-92B4-D4834AF5BA7F} = {F27873D3-A12D-4739-B5E3-E1AF8C12E247}
		{02D8F717-FCA1-4A81-A8BC-5373DC94D7BA} = {691312BC-40D1-4E73-BFB3-C014321EEC14}
		{EAC11F93-FFF4-4815-A0CD-C5DD61147F59} = {02D8F717-FCA1-4A81-A8BC-5373DC94D7BA}
		{0A041EEB-A779-40D0-8D87-9E76DE3AA33F} = {691312BC-40D1-4E73-BFB3-C014321EEC14}
		{5FC7DEF2-2B89-4249-9817-54F70ED91256} = {0A041EEB-A779-40D0-8D87-9E76DE3AA33F}
	EndGlobalSection
	GlobalSection(ExtensibilityGlobals) = postSolution
		SolutionGuid = {9A439FB8-7A55-445F-8402-E3FF60322CCB}
	EndGlobalSection
EndGlobal
